Microsoft Visual Studio Solution File, Format Version 12.00
# Visual Studio Version 17
VisualStudioVersion = 17.5.2.0
MinimumVisualStudioVersion = 10.0.40219.1
Project("{FAE04EC0-301F-11D3-BF4B-00C04F79EFBC}") = "GaleriaDeArte", "GaleriaDeArte.csproj", "{985FA19A-BA3E-8A08-E587-16BF85AF5824}"
EndProject
Global
	GlobalSection(SolutionConfigurationPlatforms) = preSolution
		Debug|Any CPU = Debug|Any CPU
		Release|Any CPU = Release|Any CPU
	EndGlobalSection
	GlobalSection(ProjectConfigurationPlatforms) = postSolution
		{985FA19A-BA3E-8A08-E587-16BF85AF5824}.Debug|Any CPU.ActiveCfg = Debug|Any CPU
		{985FA19A-BA3E-8A08-E587-16BF85AF5824}.Debug|Any CPU.Build.0 = Debug|Any CPU
		{985FA19A-BA3E-8A08-E587-16BF85AF5824}.Release|Any CPU.ActiveCfg = Release|Any CPU
		{985FA19A-BA3E-8A08-E587-16BF85AF5824}.Release|Any CPU.Build.0 = Release|Any CPU
	EndGlobalSection
	GlobalSection(SolutionProperties) = preSolution
		HideSolutionNode = FALSE
	EndGlobalSection
	GlobalSection(ExtensibilityGlobals) = postSolution
		SolutionGuid = {3E7BF534-D6C8-419B-8EEA-2C0632022AB2}
	EndGlobalSection
EndGlobal
